
Microsoft Visual Studio Solution File, Format Version 12.00
# Visual Studio Version 17
VisualStudioVersion = 17.4.33403.182
MinimumVisualStudioVersion = 10.0.40219.1
Project("{FAE04EC0-301F-11D3-BF4B-00C04F79EFBC}") = "SuperHeroAPI", "SuperHeroAPI.csproj", "{DD171A7D-8437-4698-B9C0-F0DC90A17681}"
EndProject
Global
	GlobalSection(SolutionConfigurationPlatforms) = preSolution
		Debug|Any CPU = Debug|Any CPU
		Release|Any CPU = Release|Any CPU
	EndGlobalSection
	GlobalSection(ProjectConfigurationPlatforms) = postSolution
		{DD171A7D-8437-4698-B9C0-F0DC90A17681}.Debug|Any CPU.ActiveCfg = Debug|Any CPU
		{DD171A7D-8437-4698-B9C0-F0DC90A17681}.Debug|Any CPU.Build.0 = Debug|Any CPU
		{DD171A7D-8437-4698-B9C0-F0DC90A17681}.Release|Any CPU.ActiveCfg = Release|Any CPU
		{DD171A7D-8437-4698-B9C0-F0DC90A17681}.Release|Any CPU.Build.0 = Release|Any CPU
	EndGlobalSection
	GlobalSection(SolutionProperties) = preSolution
		HideSolutionNode = FALSE
	EndGlobalSection
	GlobalSection(ExtensibilityGlobals) = postSolution
		SolutionGuid = {3FAE08C8-4D90-4A56-9FC4-D340B047CC62}
	EndGlobalSection
EndGlobal
